
Microsoft Visual Studio Solution File, Format Version 12.00
# Visual Studio Version 17
VisualStudioVersion = 17.6.33712.159
MinimumVisualStudioVersion = 10.0.40219.1
Project("{FAE04EC0-301F-11D3-BF4B-00C04F79EFBC}") = "Operator_Aritmatika", "Operator_Aritmatika\Operator_Aritmatika.csproj", "{FA6A0269-B562-49EC-8086-EC0C899B8091}"
EndProject
Global
	GlobalSection(SolutionConfigurationPlatforms) = preSolution
		Debug|Any CPU = Debug|Any CPU
		Release|Any CPU = Release|Any CPU
	EndGlobalSection
	GlobalSection(ProjectConfigurationPlatforms) = postSolution
		{FA6A0269-B562-49EC-8086-EC0C899B8091}.Debug|Any CPU.ActiveCfg = Debug|Any CPU
		{FA6A0269-B562-49EC-8086-EC0C899B8091}.Debug|Any CPU.Build.0 = Debug|Any CPU
		{FA6A0269-B562-49EC-8086-EC0C899B8091}.Release|Any CPU.ActiveCfg = Release|Any CPU
		{FA6A0269-B562-49EC-8086-EC0C899B8091}.Release|Any CPU.Build.0 = Release|Any CPU
	EndGlobalSection
	GlobalSection(SolutionProperties) = preSolution
		HideSolutionNode = FALSE
	EndGlobalSection
	GlobalSection(ExtensibilityGlobals) = postSolution
		SolutionGuid = {A78E6D38-8FFA-4029-88C8-C451697A23D3}
	EndGlobalSection
EndGlobal
